
Microsoft Visual Studio Solution File, Format Version 12.00
# Visual Studio Version 17
VisualStudioVersion = 17.2.32505.173
MinimumVisualStudioVersion = 10.0.40219.1
Project("{FAE04EC0-301F-11D3-BF4B-00C04F79EFBC}") = "RSA1", "RSA1\RSA1.csproj", "{8B6D5220-CC97-4050-B467-5D3AFE46BB7C}"
EndProject
Global
	GlobalSection(SolutionConfigurationPlatforms) = preSolution
		Debug|Any CPU = Debug|Any CPU
		Release|Any CPU = Release|Any CPU
	EndGlobalSection
	GlobalSection(ProjectConfigurationPlatforms) = postSolution
		{8B6D5220-CC97-4050-B467-5D3AFE46BB7C}.Debug|Any CPU.ActiveCfg = Debug|Any CPU
		{8B6D5220-CC97-4050-B467-5D3AFE46BB7C}.Debug|Any CPU.Build.0 = Debug|Any CPU
		{8B6D5220-CC97-4050-B467-5D3AFE46BB7C}.Release|Any CPU.ActiveCfg = Release|Any CPU
		{8B6D5220-CC97-4050-B467-5D3AFE46BB7C}.Release|Any CPU.Build.0 = Release|Any CPU
	EndGlobalSection
	GlobalSection(SolutionProperties) = preSolution
		HideSolutionNode = FALSE
	EndGlobalSection
	GlobalSection(ExtensibilityGlobals) = postSolution
		SolutionGuid = {25271AAB-E2BD-4645-9007-79B63E6BBD71}
	EndGlobalSection
EndGlobal
